
Microsoft Visual Studio Solution File, Format Version 12.00
# Visual Studio Express 2013 for Windows Desktop
VisualStudioVersion = 12.0.21005.1
MinimumVisualStudioVersion = 10.0.40219.1
Project("{8BC9CEB8-8B4A-11D0-8D11-00A0C91BC942}") = "CommonAPI-DBus", "CommonAPI-DBus.vcxproj", "{D3B0744D-2A3E-4C36-9AA0-534D6BD5A44C}"
EndProject
Project("{8BC9CEB8-8B4A-11D0-8D11-00A0C91BC942}") = "UnitTests", "UnitTests.vcxproj", "{A437B05C-A664-493D-B60A-822A3A7A1CED}"
	ProjectSection(ProjectDependencies) = postProject
		{D3B0744D-2A3E-4C36-9AA0-534D6BD5A44C} = {D3B0744D-2A3E-4C36-9AA0-534D6BD5A44C}
	EndProjectSection
EndProject
Global
	GlobalSection(SolutionConfigurationPlatforms) = preSolution
		Debug|Win32 = Debug|Win32
		Release|Win32 = Release|Win32
	EndGlobalSection
	GlobalSection(ProjectConfigurationPlatforms) = postSolution
		{D3B0744D-2A3E-4C36-9AA0-534D6BD5A44C}.Debug|Win32.ActiveCfg = Debug|Win32
		{D3B0744D-2A3E-4C36-9AA0-534D6BD5A44C}.Debug|Win32.Build.0 = Debug|Win32
		{D3B0744D-2A3E-4C36-9AA0-534D6BD5A44C}.Release|Win32.ActiveCfg = Release|Win32
		{D3B0744D-2A3E-4C36-9AA0-534D6BD5A44C}.Release|Win32.Build.0 = Release|Win32
		{A437B05C-A664-493D-B60A-822A3A7A1CED}.Debug|Win32.ActiveCfg = Debug|Win32
		{A437B05C-A664-493D-B60A-822A3A7A1CED}.Debug|Win32.Build.0 = Debug|Win32
		{A437B05C-A664-493D-B60A-822A3A7A1CED}.Release|Win32.ActiveCfg = Release|Win32
		{A437B05C-A664-493D-B60A-822A3A7A1CED}.Release|Win32.Build.0 = Release|Win32
	EndGlobalSection
	GlobalSection(SolutionProperties) = preSolution
		HideSolutionNode = FALSE
	EndGlobalSection
EndGlobal
